
Microsoft Visual Studio Solution File, Format Version 12.00
# Visual Studio Version 17
VisualStudioVersion = 17.7.34031.279
MinimumVisualStudioVersion = 10.0.40219.1
Project("{FAE04EC0-301F-11D3-BF4B-00C04F79EFBC}") = "dev", "dev.csproj", "{CF1D0479-9554-45F2-941D-4F3301936C4A}"
EndProject
Global
	GlobalSection(SolutionConfigurationPlatforms) = preSolution
		Debug|Any CPU = Debug|Any CPU
		Release|Any CPU = Release|Any CPU
	EndGlobalSection
	GlobalSection(ProjectConfigurationPlatforms) = postSolution
		{CF1D0479-9554-45F2-941D-4F3301936C4A}.Debug|Any CPU.ActiveCfg = Debug|Any CPU
		{CF1D0479-9554-45F2-941D-4F3301936C4A}.Debug|Any CPU.Build.0 = Debug|Any CPU
		{CF1D0479-9554-45F2-941D-4F3301936C4A}.Release|Any CPU.ActiveCfg = Release|Any CPU
		{CF1D0479-9554-45F2-941D-4F3301936C4A}.Release|Any CPU.Build.0 = Release|Any CPU
	EndGlobalSection
	GlobalSection(SolutionProperties) = preSolution
		HideSolutionNode = FALSE
	EndGlobalSection
	GlobalSection(ExtensibilityGlobals) = postSolution
		SolutionGuid = {B3B26A12-9B2C-4A22-8E81-354F63B8EDB2}
	EndGlobalSection
EndGlobal
