
Microsoft Visual Studio Solution File, Format Version 12.00
# Visual Studio Version 17
VisualStudioVersion = 17.7.34031.279
MinimumVisualStudioVersion = 10.0.40219.1
Project("{FAE04EC0-301F-11D3-BF4B-00C04F79EFBC}") = "dev", "dev.csproj", "{7DEFFDAC-E0BF-40F8-A8D2-0C593738B7BD}"
EndProject
Global
	GlobalSection(SolutionConfigurationPlatforms) = preSolution
		Debug|Any CPU = Debug|Any CPU
		Release|Any CPU = Release|Any CPU
	EndGlobalSection
	GlobalSection(ProjectConfigurationPlatforms) = postSolution
		{7DEFFDAC-E0BF-40F8-A8D2-0C593738B7BD}.Debug|Any CPU.ActiveCfg = Debug|Any CPU
		{7DEFFDAC-E0BF-40F8-A8D2-0C593738B7BD}.Debug|Any CPU.Build.0 = Debug|Any CPU
		{7DEFFDAC-E0BF-40F8-A8D2-0C593738B7BD}.Release|Any CPU.ActiveCfg = Release|Any CPU
		{7DEFFDAC-E0BF-40F8-A8D2-0C593738B7BD}.Release|Any CPU.Build.0 = Release|Any CPU
	EndGlobalSection
	GlobalSection(SolutionProperties) = preSolution
		HideSolutionNode = FALSE
	EndGlobalSection
	GlobalSection(ExtensibilityGlobals) = postSolution
		SolutionGuid = {5B9A89DC-115B-448A-BF04-5822D592EF2D}
	EndGlobalSection
EndGlobal
