
Microsoft Visual Studio Solution File, Format Version 12.00
# Visual Studio Version 17
VisualStudioVersion = 17.7.34031.279
MinimumVisualStudioVersion = 10.0.40219.1
Project("{FAE04EC0-301F-11D3-BF4B-00C04F79EFBC}") = "dev", "dev.csproj", "{5F1CE17F-D05F-4AF2-B060-AD47B6857BFD}"
EndProject
Global
	GlobalSection(SolutionConfigurationPlatforms) = preSolution
		Debug|Any CPU = Debug|Any CPU
		Release|Any CPU = Release|Any CPU
	EndGlobalSection
	GlobalSection(ProjectConfigurationPlatforms) = postSolution
		{5F1CE17F-D05F-4AF2-B060-AD47B6857BFD}.Debug|Any CPU.ActiveCfg = Debug|Any CPU
		{5F1CE17F-D05F-4AF2-B060-AD47B6857BFD}.Debug|Any CPU.Build.0 = Debug|Any CPU
		{5F1CE17F-D05F-4AF2-B060-AD47B6857BFD}.Release|Any CPU.ActiveCfg = Release|Any CPU
		{5F1CE17F-D05F-4AF2-B060-AD47B6857BFD}.Release|Any CPU.Build.0 = Release|Any CPU
	EndGlobalSection
	GlobalSection(SolutionProperties) = preSolution
		HideSolutionNode = FALSE
	EndGlobalSection
	GlobalSection(ExtensibilityGlobals) = postSolution
		SolutionGuid = {43C77791-185D-46F5-BE4D-000E9EF31A96}
	EndGlobalSection
EndGlobal
