
Microsoft Visual Studio Solution File, Format Version 12.00
# Visual Studio Version 17
VisualStudioVersion = 17.7.34031.279
MinimumVisualStudioVersion = 10.0.40219.1
Project("{FAE04EC0-301F-11D3-BF4B-00C04F79EFBC}") = "dev", "dev.csproj", "{225E6B8C-B4CC-466E-97B7-E31A27AE6F9B}"
EndProject
Global
	GlobalSection(SolutionConfigurationPlatforms) = preSolution
		Debug|Any CPU = Debug|Any CPU
		Release|Any CPU = Release|Any CPU
	EndGlobalSection
	GlobalSection(ProjectConfigurationPlatforms) = postSolution
		{225E6B8C-B4CC-466E-97B7-E31A27AE6F9B}.Debug|Any CPU.ActiveCfg = Debug|Any CPU
		{225E6B8C-B4CC-466E-97B7-E31A27AE6F9B}.Debug|Any CPU.Build.0 = Debug|Any CPU
		{225E6B8C-B4CC-466E-97B7-E31A27AE6F9B}.Release|Any CPU.ActiveCfg = Release|Any CPU
		{225E6B8C-B4CC-466E-97B7-E31A27AE6F9B}.Release|Any CPU.Build.0 = Release|Any CPU
	EndGlobalSection
	GlobalSection(SolutionProperties) = preSolution
		HideSolutionNode = FALSE
	EndGlobalSection
	GlobalSection(ExtensibilityGlobals) = postSolution
		SolutionGuid = {184F19FD-A2B4-4375-AB1D-B92B627D6814}
	EndGlobalSection
EndGlobal
