
Microsoft Visual Studio Solution File, Format Version 12.00
# Visual Studio Version 17
VisualStudioVersion = 17.7.34031.279
MinimumVisualStudioVersion = 10.0.40219.1
Project("{FAE04EC0-301F-11D3-BF4B-00C04F79EFBC}") = "dev", "dev.csproj", "{09558574-88B9-44F7-9444-E5866A5535DB}"
EndProject
Global
	GlobalSection(SolutionConfigurationPlatforms) = preSolution
		Debug|Any CPU = Debug|Any CPU
		Release|Any CPU = Release|Any CPU
	EndGlobalSection
	GlobalSection(ProjectConfigurationPlatforms) = postSolution
		{09558574-88B9-44F7-9444-E5866A5535DB}.Debug|Any CPU.ActiveCfg = Debug|Any CPU
		{09558574-88B9-44F7-9444-E5866A5535DB}.Debug|Any CPU.Build.0 = Debug|Any CPU
		{09558574-88B9-44F7-9444-E5866A5535DB}.Release|Any CPU.ActiveCfg = Release|Any CPU
		{09558574-88B9-44F7-9444-E5866A5535DB}.Release|Any CPU.Build.0 = Release|Any CPU
	EndGlobalSection
	GlobalSection(SolutionProperties) = preSolution
		HideSolutionNode = FALSE
	EndGlobalSection
	GlobalSection(ExtensibilityGlobals) = postSolution
		SolutionGuid = {B88AF935-A2AE-4C96-B43E-21B268E8C9DA}
	EndGlobalSection
EndGlobal
